{
    "_readme": [
        "This file locks the dependencies of your project to a known state",
        "Read more about it at https://getcomposer.org/doc/01-basic-usage.md#composer-lock-the-lock-file",
        "This file is @generated automatically"
    ],
    "hash": "e1db5c4556e56520310cc3465cd97218",
    "packages": [
        {
            "name": "chrisblackwell/wordpress-custom-post-type",
            "version": "v1.0.1",
            "source": {
                "type": "git",
                "url": "https://github.com/chrisblackwell/wordpress-custom-post-type.git",
                "reference": "346649f0f97a0767d8aea83de2425d0bc40a3eac"
            },
            "dist": {
                "type": "zip",
                "url": "https://api.github.com/repos/chrisblackwell/wordpress-custom-post-type/zipball/346649f0f97a0767d8aea83de2425d0bc40a3eac",
                "reference": "346649f0f97a0767d8aea83de2425d0bc40a3eac",
                "shasum": ""
            },
            "require": {
                "php": ">=5.3.1"
            },
            "type": "library",
            "autoload": {
                "psr-4": {
                    "WebDevDude\\": "src/"
                }
            },
            "notification-url": "https://packagist.org/downloads/",
            "license": [
                "GPL-3.0+"
            ],
            "authors": [
                {
                    "name": "Chris Blackwell"
                }
            ],
            "description": "Easily create custom post types in WordPress using an easy to understand API",
            "time": "2015-08-28 00:25:53"
        }
    ],
    "packages-dev": [],
    "aliases": [],
    "minimum-stability": "stable",
    "stability-flags": [],
    "prefer-stable": false,
    "prefer-lowest": false,
    "platform": [],
    "platform-dev": []
}
